{
  "name": "@chris.troutner/test-add",
  "version": "1.0.0",
  "lockfileVersion": 2,
  "requires": true,
  "packages": {
    "": {
      "name": "@chris.troutner/test-add",
      "version": "1.0.0",
      "license": "ISC",
      "dependencies": {
        "add": "../add-1.0.0.tgz"
      }
    },
    "node_modules/add": {
      "name": "@chris.troutner/add",
      "version": "1.0.0",
      "resolved": "file:../add-1.0.0.tgz",
      "integrity": "sha512-zgXD33QzT0kmOnGVYf8RQO6/YICnVU8ZELPi2gbImBlCE6RGnYRc+xX9tlAXLQVgFSsjgr3eEuNBSayPt7q/8A==",
      "license": "MIT"
    }
  },
  "dependencies": {
    "add": {
      "version": "file:../add-1.0.0.tgz",
      "integrity": "sha512-zgXD33QzT0kmOnGVYf8RQO6/YICnVU8ZELPi2gbImBlCE6RGnYRc+xX9tlAXLQVgFSsjgr3eEuNBSayPt7q/8A=="
    }
  }
}
