{
  "name": "@chris.troutner/test-add",
  "version": "1.0.0",
  "lockfileVersion": 2,
  "requires": true,
  "packages": {
    "": {
      "name": "@chris.troutner/test-add",
      "version": "1.0.0",
      "license": "ISC",
      "dependencies": {
        "add": "git+https://pine.radicle.garden/hnrkcahyaj8apybx4p4px5h4r1r4y1fu7t6fy.git"
      }
    },
    "node_modules/add": {
      "name": "@chris.troutner/add",
      "version": "1.0.0",
      "resolved": "git+https://pine.radicle.garden/hnrkcahyaj8apybx4p4px5h4r1r4y1fu7t6fy.git#0ca0815318ded2374adb40cac3878905a1404d05",
      "license": "MIT"
    }
  },
  "dependencies": {
    "add": {
      "version": "git+https://pine.radicle.garden/hnrkcahyaj8apybx4p4px5h4r1r4y1fu7t6fy.git#0ca0815318ded2374adb40cac3878905a1404d05",
      "from": "add@git+https://pine.radicle.garden/hnrkcahyaj8apybx4p4px5h4r1r4y1fu7t6fy.git"
    }
  }
}
